
Microsoft Visual Studio Solution File, Format Version 12.00
# Visual Studio Version 17
VisualStudioVersion = 17.0.31919.166
MinimumVisualStudioVersion = 10.0.40219.1
Project("{FAE04EC0-301F-11D3-BF4B-00C04F79EFBC}") = "Day7", "Day7.csproj", "{1863404F-C946-4857-8543-65F600149831}"
EndProject
Global
	GlobalSection(SolutionConfigurationPlatforms) = preSolution
		Debug|Any CPU = Debug|Any CPU
		Release|Any CPU = Release|Any CPU
	EndGlobalSection
	GlobalSection(ProjectConfigurationPlatforms) = postSolution
		{1863404F-C946-4857-8543-65F600149831}.Debug|Any CPU.ActiveCfg = Debug|Any CPU
		{1863404F-C946-4857-8543-65F600149831}.Debug|Any CPU.Build.0 = Debug|Any CPU
		{1863404F-C946-4857-8543-65F600149831}.Release|Any CPU.ActiveCfg = Release|Any CPU
		{1863404F-C946-4857-8543-65F600149831}.Release|Any CPU.Build.0 = Release|Any CPU
	EndGlobalSection
	GlobalSection(SolutionProperties) = preSolution
		HideSolutionNode = FALSE
	EndGlobalSection
	GlobalSection(ExtensibilityGlobals) = postSolution
		SolutionGuid = {0883CD4B-1151-44C2-AA75-56B94D41FECA}
	EndGlobalSection
EndGlobal
