
Microsoft Visual Studio Solution File, Format Version 12.00
# Visual Studio Version 17
VisualStudioVersion = 17.0.31919.166
MinimumVisualStudioVersion = 10.0.40219.1
Project("{FAE04EC0-301F-11D3-BF4B-00C04F79EFBC}") = "Day5", "Day5.csproj", "{ACD2E980-B86C-4BF0-8F82-094583C21376}"
EndProject
Global
	GlobalSection(SolutionConfigurationPlatforms) = preSolution
		Debug|Any CPU = Debug|Any CPU
		Release|Any CPU = Release|Any CPU
	EndGlobalSection
	GlobalSection(ProjectConfigurationPlatforms) = postSolution
		{ACD2E980-B86C-4BF0-8F82-094583C21376}.Debug|Any CPU.ActiveCfg = Debug|Any CPU
		{ACD2E980-B86C-4BF0-8F82-094583C21376}.Debug|Any CPU.Build.0 = Debug|Any CPU
		{ACD2E980-B86C-4BF0-8F82-094583C21376}.Release|Any CPU.ActiveCfg = Release|Any CPU
		{ACD2E980-B86C-4BF0-8F82-094583C21376}.Release|Any CPU.Build.0 = Release|Any CPU
	EndGlobalSection
	GlobalSection(SolutionProperties) = preSolution
		HideSolutionNode = FALSE
	EndGlobalSection
	GlobalSection(ExtensibilityGlobals) = postSolution
		SolutionGuid = {2BA5483C-FC52-4277-A30F-957A7B0E0CFE}
	EndGlobalSection
EndGlobal
